
Microsoft Visual Studio Solution File, Format Version 12.00
# Visual Studio Version 16
VisualStudioVersion = 16.0.29025.244
MinimumVisualStudioVersion = 10.0.40219.1
Project("{FAE04EC0-301F-11D3-BF4B-00C04F79EFBC}") = "HttpRequests", "HttpRequests\HttpRequests.csproj", "{F5BF7706-7883-4FB8-A17A-45EF5E85C676}"
EndProject
Global
	GlobalSection(SolutionConfigurationPlatforms) = preSolution
		Debug|Any CPU = Debug|Any CPU
		Release|Any CPU = Release|Any CPU
	EndGlobalSection
	GlobalSection(ProjectConfigurationPlatforms) = postSolution
		{F5BF7706-7883-4FB8-A17A-45EF5E85C676}.Debug|Any CPU.ActiveCfg = Debug|Any CPU
		{F5BF7706-7883-4FB8-A17A-45EF5E85C676}.Debug|Any CPU.Build.0 = Debug|Any CPU
		{F5BF7706-7883-4FB8-A17A-45EF5E85C676}.Release|Any CPU.ActiveCfg = Release|Any CPU
		{F5BF7706-7883-4FB8-A17A-45EF5E85C676}.Release|Any CPU.Build.0 = Release|Any CPU
	EndGlobalSection
	GlobalSection(SolutionProperties) = preSolution
		HideSolutionNode = FALSE
	EndGlobalSection
	GlobalSection(ExtensibilityGlobals) = postSolution
		SolutionGuid = {CB7FF4A1-69A6-440E-9E35-39A891F3C8E3}
	EndGlobalSection
EndGlobal
