
Microsoft Visual Studio Solution File, Format Version 12.00
# Visual Studio Version 16
VisualStudioVersion = 16.0.29025.244
MinimumVisualStudioVersion = 10.0.40219.1
Project("{FAE04EC0-301F-11D3-BF4B-00C04F79EFBC}") = "VeriTasiyicilar", "VeriTasiyicilar\VeriTasiyicilar.csproj", "{632CCF43-0B99-4B08-A50C-B805A21596BA}"
EndProject
Global
	GlobalSection(SolutionConfigurationPlatforms) = preSolution
		Debug|Any CPU = Debug|Any CPU
		Release|Any CPU = Release|Any CPU
	EndGlobalSection
	GlobalSection(ProjectConfigurationPlatforms) = postSolution
		{632CCF43-0B99-4B08-A50C-B805A21596BA}.Debug|Any CPU.ActiveCfg = Debug|Any CPU
		{632CCF43-0B99-4B08-A50C-B805A21596BA}.Debug|Any CPU.Build.0 = Debug|Any CPU
		{632CCF43-0B99-4B08-A50C-B805A21596BA}.Release|Any CPU.ActiveCfg = Release|Any CPU
		{632CCF43-0B99-4B08-A50C-B805A21596BA}.Release|Any CPU.Build.0 = Release|Any CPU
	EndGlobalSection
	GlobalSection(SolutionProperties) = preSolution
		HideSolutionNode = FALSE
	EndGlobalSection
	GlobalSection(ExtensibilityGlobals) = postSolution
		SolutionGuid = {4331BF9C-9D9B-4BDF-97FF-1F9C98846836}
	EndGlobalSection
EndGlobal
