
Microsoft Visual Studio Solution File, Format Version 12.00
# Visual Studio Version 16
VisualStudioVersion = 16.0.29025.244
MinimumVisualStudioVersion = 10.0.40219.1
Project("{FAE04EC0-301F-11D3-BF4B-00C04F79EFBC}") = "ModelNedir", "Ders2Model\ModelNedir.csproj", "{5A09A08A-3510-4396-8D0F-C5A60A8893ED}"
EndProject
Global
	GlobalSection(SolutionConfigurationPlatforms) = preSolution
		Debug|Any CPU = Debug|Any CPU
		Release|Any CPU = Release|Any CPU
	EndGlobalSection
	GlobalSection(ProjectConfigurationPlatforms) = postSolution
		{5A09A08A-3510-4396-8D0F-C5A60A8893ED}.Debug|Any CPU.ActiveCfg = Debug|Any CPU
		{5A09A08A-3510-4396-8D0F-C5A60A8893ED}.Debug|Any CPU.Build.0 = Debug|Any CPU
		{5A09A08A-3510-4396-8D0F-C5A60A8893ED}.Release|Any CPU.ActiveCfg = Release|Any CPU
		{5A09A08A-3510-4396-8D0F-C5A60A8893ED}.Release|Any CPU.Build.0 = Release|Any CPU
	EndGlobalSection
	GlobalSection(SolutionProperties) = preSolution
		HideSolutionNode = FALSE
	EndGlobalSection
	GlobalSection(ExtensibilityGlobals) = postSolution
		SolutionGuid = {7AF0CA78-71F0-48FB-A435-1D6FACD09D52}
	EndGlobalSection
EndGlobal
